
Microsoft Visual Studio Solution File, Format Version 12.00
# Visual Studio Version 17
VisualStudioVersion = 17.5.33414.496
MinimumVisualStudioVersion = 10.0.40219.1
Project("{FAE04EC0-301F-11D3-BF4B-00C04F79EFBC}") = "0001_SignOfTheProductOfAnArray", "0001_SignOfTheProductOfAnArray\0001_SignOfTheProductOfAnArray.csproj", "{53B21F18-7854-4D86-8525-024A0C73B50C}"
EndProject
Global
	GlobalSection(SolutionConfigurationPlatforms) = preSolution
		Debug|Any CPU = Debug|Any CPU
		Release|Any CPU = Release|Any CPU
	EndGlobalSection
	GlobalSection(ProjectConfigurationPlatforms) = postSolution
		{53B21F18-7854-4D86-8525-024A0C73B50C}.Debug|Any CPU.ActiveCfg = Debug|Any CPU
		{53B21F18-7854-4D86-8525-024A0C73B50C}.Debug|Any CPU.Build.0 = Debug|Any CPU
		{53B21F18-7854-4D86-8525-024A0C73B50C}.Release|Any CPU.ActiveCfg = Release|Any CPU
		{53B21F18-7854-4D86-8525-024A0C73B50C}.Release|Any CPU.Build.0 = Release|Any CPU
	EndGlobalSection
	GlobalSection(SolutionProperties) = preSolution
		HideSolutionNode = FALSE
	EndGlobalSection
	GlobalSection(ExtensibilityGlobals) = postSolution
		SolutionGuid = {09FE35D2-76DA-460D-AE50-08F059999B86}
	EndGlobalSection
EndGlobal
